
Microsoft Visual Studio Solution File, Format Version 12.00
# Visual Studio Version 17
VisualStudioVersion = 17.8.34316.72
MinimumVisualStudioVersion = 10.0.40219.1
Project("{FAE04EC0-301F-11D3-BF4B-00C04F79EFBC}") = "StateMachine", "StateMachine.csproj", "{CAE07C29-9083-4A34-8BAD-9C2062F3BB3A}"
EndProject
Global
	GlobalSection(SolutionConfigurationPlatforms) = preSolution
		Debug|Any CPU = Debug|Any CPU
		Release|Any CPU = Release|Any CPU
	EndGlobalSection
	GlobalSection(ProjectConfigurationPlatforms) = postSolution
		{CAE07C29-9083-4A34-8BAD-9C2062F3BB3A}.Debug|Any CPU.ActiveCfg = Debug|Any CPU
		{CAE07C29-9083-4A34-8BAD-9C2062F3BB3A}.Debug|Any CPU.Build.0 = Debug|Any CPU
		{CAE07C29-9083-4A34-8BAD-9C2062F3BB3A}.Release|Any CPU.ActiveCfg = Release|Any CPU
		{CAE07C29-9083-4A34-8BAD-9C2062F3BB3A}.Release|Any CPU.Build.0 = Release|Any CPU
	EndGlobalSection
	GlobalSection(SolutionProperties) = preSolution
		HideSolutionNode = FALSE
	EndGlobalSection
	GlobalSection(ExtensibilityGlobals) = postSolution
		SolutionGuid = {B01A066D-7151-4FBB-9B10-2A8DC6CCFE73}
	EndGlobalSection
EndGlobal
